
Microsoft Visual Studio Solution File, Format Version 12.00
# Visual Studio 14
VisualStudioVersion = 14.0.24720.0
MinimumVisualStudioVersion = 10.0.40219.1
Project("{FAE04EC0-301F-11D3-BF4B-00C04F79EFBC}") = "Problem-1-Persons", "Problem-1-Persons\Problem-1-Persons.csproj", "{965CDEE2-614E-4624-8625-F6C56D1DC64B}"
EndProject
Project("{FAE04EC0-301F-11D3-BF4B-00C04F79EFBC}") = "Problem-2-LaptopShop", "Problem-2-LaptopShop\Problem-2-LaptopShop.csproj", "{CE11A2E3-209C-4CDA-AA74-59B0A981A10B}"
EndProject
Project("{FAE04EC0-301F-11D3-BF4B-00C04F79EFBC}") = "Problem-3-PcCatalog", "Problem-3-PcCatalog\Problem-3-PcCatalog.csproj", "{E5E44677-DFD9-4E62-B98C-AC10E866B9AD}"
EndProject
Project("{FAE04EC0-301F-11D3-BF4B-00C04F79EFBC}") = "Problem-4-SoftwareUniversityLearningSystem", "Problem-4-SoftwareUniversityLearningSystem\Problem-4-SoftwareUniversityLearningSystem.csproj", "{5E539EF1-2047-41FE-9F6B-567029027566}"
EndProject
Global
	GlobalSection(SolutionConfigurationPlatforms) = preSolution
		Debug|Any CPU = Debug|Any CPU
		Release|Any CPU = Release|Any CPU
	EndGlobalSection
	GlobalSection(ProjectConfigurationPlatforms) = postSolution
		{965CDEE2-614E-4624-8625-F6C56D1DC64B}.Debug|Any CPU.ActiveCfg = Debug|Any CPU
		{965CDEE2-614E-4624-8625-F6C56D1DC64B}.Debug|Any CPU.Build.0 = Debug|Any CPU
		{965CDEE2-614E-4624-8625-F6C56D1DC64B}.Release|Any CPU.ActiveCfg = Release|Any CPU
		{965CDEE2-614E-4624-8625-F6C56D1DC64B}.Release|Any CPU.Build.0 = Release|Any CPU
		{CE11A2E3-209C-4CDA-AA74-59B0A981A10B}.Debug|Any CPU.ActiveCfg = Debug|Any CPU
		{CE11A2E3-209C-4CDA-AA74-59B0A981A10B}.Debug|Any CPU.Build.0 = Debug|Any CPU
		{CE11A2E3-209C-4CDA-AA74-59B0A981A10B}.Release|Any CPU.ActiveCfg = Release|Any CPU
		{CE11A2E3-209C-4CDA-AA74-59B0A981A10B}.Release|Any CPU.Build.0 = Release|Any CPU
		{E5E44677-DFD9-4E62-B98C-AC10E866B9AD}.Debug|Any CPU.ActiveCfg = Debug|Any CPU
		{E5E44677-DFD9-4E62-B98C-AC10E866B9AD}.Debug|Any CPU.Build.0 = Debug|Any CPU
		{E5E44677-DFD9-4E62-B98C-AC10E866B9AD}.Release|Any CPU.ActiveCfg = Release|Any CPU
		{E5E44677-DFD9-4E62-B98C-AC10E866B9AD}.Release|Any CPU.Build.0 = Release|Any CPU
		{5E539EF1-2047-41FE-9F6B-567029027566}.Debug|Any CPU.ActiveCfg = Debug|Any CPU
		{5E539EF1-2047-41FE-9F6B-567029027566}.Debug|Any CPU.Build.0 = Debug|Any CPU
		{5E539EF1-2047-41FE-9F6B-567029027566}.Release|Any CPU.ActiveCfg = Release|Any CPU
		{5E539EF1-2047-41FE-9F6B-567029027566}.Release|Any CPU.Build.0 = Release|Any CPU
	EndGlobalSection
	GlobalSection(SolutionProperties) = preSolution
		HideSolutionNode = FALSE
	EndGlobalSection
EndGlobal
